{
  "name": "tiktaktoe-backend",
  "version": "1.0.0",
  "lockfileVersion": 1,
  "requires": true,
  "dependencies": {
    "uWebSockets.js": {
      "version": "github:uNetworking/uWebSockets.js#7b8b02527e0c98efeb67b2a6c13fd33b9b414494",
      "from": "github:uNetworking/uWebSockets.js#v18.2.0"
    }
  }
}
